Microsoft Visual Studio Solution File, Format Version 12.00
# Visual Studio Version 17
VisualStudioVersion = 17.5.2.0
MinimumVisualStudioVersion = 10.0.40219.1
Project("{FAE04EC0-301F-11D3-BF4B-00C04F79EFBC}") = "Dotnet_project", "Dotnet_project.csproj", "{D12EC2A0-7F03-581C-2435-DB279D00D622}"
EndProject
Global
	GlobalSection(SolutionConfigurationPlatforms) = preSolution
		Debug|Any CPU = Debug|Any CPU
		Release|Any CPU = Release|Any CPU
	EndGlobalSection
	GlobalSection(ProjectConfigurationPlatforms) = postSolution
		{D12EC2A0-7F03-581C-2435-DB279D00D622}.Debug|Any CPU.ActiveCfg = Debug|Any CPU
		{D12EC2A0-7F03-581C-2435-DB279D00D622}.Debug|Any CPU.Build.0 = Debug|Any CPU
		{D12EC2A0-7F03-581C-2435-DB279D00D622}.Release|Any CPU.ActiveCfg = Release|Any CPU
		{D12EC2A0-7F03-581C-2435-DB279D00D622}.Release|Any CPU.Build.0 = Release|Any CPU
	EndGlobalSection
	GlobalSection(SolutionProperties) = preSolution
		HideSolutionNode = FALSE
	EndGlobalSection
	GlobalSection(ExtensibilityGlobals) = postSolution
		SolutionGuid = {2A4093CF-AC98-4A76-817B-8D5B8AF9C2FF}
	EndGlobalSection
EndGlobal
